{
  "name": "gridpatternlab",
  "version": "1.0.0",
  "lockfileVersion": 1,
  "requires": true,
  "dependencies": {
    "fr-tabs": {
      "version": "1.0.6",
      "resolved": "https://registry.npmjs.org/fr-tabs/-/fr-tabs-1.0.6.tgz",
      "integrity": "sha1-vwlWC15z/6zRm+HWmld44ZhlZso="
    }
  }
}
